
Microsoft Visual Studio Solution File, Format Version 12.00
# Visual Studio 15
VisualStudioVersion = 15.0.28307.1321
MinimumVisualStudioVersion = 10.0.40219.1
Project("{E24C65DC-7377-472B-9ABA-BC803B73C61A}") = "Resume", "Resume\", "{0EE71818-018E-43A2-BB67-F23C86DD6A30}"
	ProjectSection(WebsiteProperties) = preProject
		TargetFrameworkMoniker = ".NETFramework,Version%3Dv4.6.1"
		Debug.AspNetCompiler.VirtualPath = "/localhost_50613"
		Debug.AspNetCompiler.PhysicalPath = "Resume\"
		Debug.AspNetCompiler.TargetPath = "PrecompiledWeb\localhost_50613\"
		Debug.AspNetCompiler.Updateable = "true"
		Debug.AspNetCompiler.ForceOverwrite = "true"
		Debug.AspNetCompiler.FixedNames = "false"
		Debug.AspNetCompiler.Debug = "True"
		Release.AspNetCompiler.VirtualPath = "/localhost_50613"
		Release.AspNetCompiler.PhysicalPath = "Resume\"
		Release.AspNetCompiler.TargetPath = "PrecompiledWeb\localhost_50613\"
		Release.AspNetCompiler.Updateable = "true"
		Release.AspNetCompiler.ForceOverwrite = "true"
		Release.AspNetCompiler.FixedNames = "false"
		Release.AspNetCompiler.Debug = "False"
		VWDPort = "50613"
		SlnRelativePath = "Resume\"
		DefaultWebSiteLanguage = "Visual C#"
	EndProjectSection
EndProject
Global
	GlobalSection(SolutionConfigurationPlatforms) = preSolution
		Debug|Any CPU = Debug|Any CPU
	EndGlobalSection
	GlobalSection(ProjectConfigurationPlatforms) = postSolution
		{0EE71818-018E-43A2-BB67-F23C86DD6A30}.Debug|Any CPU.ActiveCfg = Debug|Any CPU
		{0EE71818-018E-43A2-BB67-F23C86DD6A30}.Debug|Any CPU.Build.0 = Debug|Any CPU
	EndGlobalSection
	GlobalSection(SolutionProperties) = preSolution
		HideSolutionNode = FALSE
	EndGlobalSection
	GlobalSection(ExtensibilityGlobals) = postSolution
		SolutionGuid = {771082F6-BDE3-416E-8174-230A896BFDAA}
	EndGlobalSection
EndGlobal
